// !$*UTF8*$!
{
	archiveVersion = 1;
	classes = {
	};
	objectVersion = 50;
	objects = {

/* Begin PBXBuildFile section */
		842758AC21176EBA006A2F7D /* SettingsViewController.swift in Sources */ = {isa = PBXBuildFile; fileRef = 842758AB21176EBA006A2F7D /* SettingsViewController.swift */; };
		842758E0211893C3006A2F7D /* calendarIcon@3x.png in Resources */ = {isa = PBXBuildFile; fileRef = 842758DF211893C3006A2F7D /* calendarIcon@3x.png */; };
		842758E2211893CA006A2F7D /* pillsIcon@3x.png in Resources */ = {isa = PBXBuildFile; fileRef = 842758E1211893CA006A2F7D /* pillsIcon@3x.png */; };
		842758E52118C131006A2F7D /* appIcon@2x.png in Resources */ = {isa = PBXBuildFile; fileRef = 842758E32118C131006A2F7D /* appIcon@2x.png */; };
		842758E62118C131006A2F7D /* appIcon@3x.png in Resources */ = {isa = PBXBuildFile; fileRef = 842758E42118C131006A2F7D /* appIcon@3x.png */; };
		842758EA2118C2D7006A2F7D /* appIconSettings@3x.png in Resources */ = {isa = PBXBuildFile; fileRef = 842758E72118C2D6006A2F7D /* appIconSettings@3x.png */; };
		842758EB2118C2D7006A2F7D /* appIconSpotlight@2x.png in Resources */ = {isa = PBXBuildFile; fileRef = 842758E82118C2D7006A2F7D /* appIconSpotlight@2x.png */; };
		842758EC2118C2D7006A2F7D /* appIconSpotlight@3x.png in Resources */ = {isa = PBXBuildFile; fileRef = 842758E92118C2D7006A2F7D /* appIconSpotlight@3x.png */; };
		842758F02118C43B006A2F7D /* appIconSettings@2x.png in Resources */ = {isa = PBXBuildFile; fileRef = 842758ED2118C43B006A2F7D /* appIconSettings@2x.png */; };
		842758F12118C43B006A2F7D /* appIconNotif@2x.png in Resources */ = {isa = PBXBuildFile; fileRef = 842758EE2118C43B006A2F7D /* appIconNotif@2x.png */; };
		842758F42118C463006A2F7D /* appIconNotif@3x.png in Resources */ = {isa = PBXBuildFile; fileRef = 842758F32118C463006A2F7D /* appIconNotif@3x.png */; };
		842758F72118C991006A2F7D /* Default-Portrait-2436h@3x.png in Resources */ = {isa = PBXBuildFile; fileRef = 842758F62118C991006A2F7D /* Default-Portrait-2436h@3x.png */; };
		842758FB212A5CA6006A2F7D /* ChangeTimeViewController.swift in Sources */ = {isa = PBXBuildFile; fileRef = 842758FA212A5CA6006A2F7D /* ChangeTimeViewController.swift */; };
		842758FD212CFA2D006A2F7D /* ChangeMessageViewController.swift in Sources */ = {isa = PBXBuildFile; fileRef = 842758FC212CFA2D006A2F7D /* ChangeMessageViewController.swift */; };
		8443D3452102E4D900EAAEE6 /* AppDelegate.swift in Sources */ = {isa = PBXBuildFile; fileRef = 8443D3442102E4D900EAAEE6 /* AppDelegate.swift */; };
		8443D3472102E4D900EAAEE6 /* WelcomeViewController.swift in Sources */ = {isa = PBXBuildFile; fileRef = 8443D3462102E4D900EAAEE6 /* WelcomeViewController.swift */; };
		8443D34A2102E4D900EAAEE6 /* Main.storyboard in Resources */ = {isa = PBXBuildFile; fileRef = 8443D3482102E4D900EAAEE6 /* Main.storyboard */; };
		8443D34C2102E4DA00EAAEE6 /* Assets.xcassets in Resources */ = {isa = PBXBuildFile; fileRef = 8443D34B2102E4DA00EAAEE6 /* Assets.xcassets */; };
		8443D34F2102E4DA00EAAEE6 /* LaunchScreen.storyboard in Resources */ = {isa = PBXBuildFile; fileRef = 8443D34D2102E4DA00EAAEE6 /* LaunchScreen.storyboard */; };
		8443D3572102E54A00EAAEE6 /* GlobalData.swift in Sources */ = {isa = PBXBuildFile; fileRef = 8443D3562102E54A00EAAEE6 /* GlobalData.swift */; };
		8443D3592102E85C00EAAEE6 /* TimePickerViewController.swift in Sources */ = {isa = PBXBuildFile; fileRef = 8443D3582102E85C00EAAEE6 /* TimePickerViewController.swift */; };
		8443D35B2102EA8100EAAEE6 /* UserDefaultsManager.swift in Sources */ = {isa = PBXBuildFile; fileRef = 8443D35A2102EA8100EAAEE6 /* UserDefaultsManager.swift */; };
		8443D35D2102ED7B00EAAEE6 /* DayPickerViewController.swift in Sources */ = {isa = PBXBuildFile; fileRef = 8443D35C2102ED7B00EAAEE6 /* DayPickerViewController.swift */; };
		8443D3612104D95300EAAEE6 /* HomeViewController.swift in Sources */ = {isa = PBXBuildFile; fileRef = 8443D3602104D95300EAAEE6 /* HomeViewController.swift */; };
		8443D3632104F8F600EAAEE6 /* HomeModel.swift in Sources */ = {isa = PBXBuildFile; fileRef = 8443D3622104F8F600EAAEE6 /* HomeModel.swift */; };
		8443D36521052B9900EAAEE6 /* NotificationManager.swift in Sources */ = {isa = PBXBuildFile; fileRef = 8443D36421052B9900EAAEE6 /* NotificationManager.swift */; };
/* End PBXBuildFile section */

/* Begin PBXFileReference section */
		842758AB21176EBA006A2F7D /* SettingsViewController.swift */ = {isa = PBXFileReference; lastKnownFileType = sourcecode.swift; path = SettingsViewController.swift; sourceTree = "<group>"; };
		842758DF211893C3006A2F7D /* calendarIcon@3x.png */ = {isa = PBXFileReference; lastKnownFileType = image.png; path = "calendarIcon@3x.png"; sourceTree = "<group>"; };
		842758E1211893CA006A2F7D /* pillsIcon@3x.png */ = {isa = PBXFileReference; lastKnownFileType = image.png; path = "pillsIcon@3x.png"; sourceTree = "<group>"; };
		842758E32118C131006A2F7D /* appIcon@2x.png */ = {isa = PBXFileReference; lastKnownFileType = image.png; path = "appIcon@2x.png"; sourceTree = "<group>"; };
		842758E42118C131006A2F7D /* appIcon@3x.png */ = {isa = PBXFileReference; lastKnownFileType = image.png; path = "appIcon@3x.png"; sourceTree = "<group>"; };
		842758E72118C2D6006A2F7D /* appIconSettings@3x.png */ = {isa = PBXFileReference; lastKnownFileType = image.png; path = "appIconSettings@3x.png"; sourceTree = "<group>"; };
		842758E82118C2D7006A2F7D /* appIconSpotlight@2x.png */ = {isa = PBXFileReference; lastKnownFileType = image.png; path = "appIconSpotlight@2x.png"; sourceTree = "<group>"; };
		842758E92118C2D7006A2F7D /* appIconSpotlight@3x.png */ = {isa = PBXFileReference; lastKnownFileType = image.png; path = "appIconSpotlight@3x.png"; sourceTree = "<group>"; };
		842758ED2118C43B006A2F7D /* appIconSettings@2x.png */ = {isa = PBXFileReference; lastKnownFileType = image.png; path = "appIconSettings@2x.png"; sourceTree = "<group>"; };
		842758EE2118C43B006A2F7D /* appIconNotif@2x.png */ = {isa = PBXFileReference; lastKnownFileType = image.png; path = "appIconNotif@2x.png"; sourceTree = "<group>"; };
		842758F32118C463006A2F7D /* appIconNotif@3x.png */ = {isa = PBXFileReference; lastKnownFileType = image.png; path = "appIconNotif@3x.png"; sourceTree = "<group>"; };
		842758F62118C991006A2F7D /* Default-Portrait-2436h@3x.png */ = {isa = PBXFileReference; lastKnownFileType = image.png; path = "Default-Portrait-2436h@3x.png"; sourceTree = "<group>"; };
		842758FA212A5CA6006A2F7D /* ChangeTimeViewController.swift */ = {isa = PBXFileReference; lastKnownFileType = sourcecode.swift; path = ChangeTimeViewController.swift; sourceTree = "<group>"; };
		842758FC212CFA2D006A2F7D /* ChangeMessageViewController.swift */ = {isa = PBXFileReference; lastKnownFileType = sourcecode.swift; path = ChangeMessageViewController.swift; sourceTree = "<group>"; };
		8443D3412102E4D900EAAEE6 /* BlushApp.app */ = {isa = PBXFileReference; explicitFileType = wrapper.application; includeInIndex = 0; path = BlushApp.app; sourceTree = BUILT_PRODUCTS_DIR; };
		8443D3442102E4D900EAAEE6 /* AppDelegate.swift */ = {isa = PBXFileReference; lastKnownFileType = sourcecode.swift; path = AppDelegate.swift; sourceTree = "<group>"; };
		8443D3462102E4D900EAAEE6 /* WelcomeViewController.swift */ = {isa = PBXFileReference; lastKnownFileType = sourcecode.swift; path = WelcomeViewController.swift; sourceTree = "<group>"; };
		8443D3492102E4D900EAAEE6 /* Base */ = {isa = PBXFileReference; lastKnownFileType = file.storyboard; name = Base; path = Base.lproj/Main.storyboard; sourceTree = "<group>"; };
		8443D34B2102E4DA00EAAEE6 /* Assets.xcassets */ = {isa = PBXFileReference; lastKnownFileType = folder.assetcatalog; path = Assets.xcassets; sourceTree = "<group>"; };
		8443D34E2102E4DA00EAAEE6 /* Base */ = {isa = PBXFileReference; lastKnownFileType = file.storyboard; name = Base; path = Base.lproj/LaunchScreen.storyboard; sourceTree = "<group>"; };
		8443D3502102E4DA00EAAEE6 /* Info.plist */ = {isa = PBXFileReference; lastKnownFileType = text.plist.xml; path = Info.plist; sourceTree = "<group>"; };
		8443D3562102E54A00EAAEE6 /* GlobalData.swift */ = {isa = PBXFileReference; lastKnownFileType = sourcecode.swift; path = GlobalData.swift; sourceTree = "<group>"; };
		8443D3582102E85C00EAAEE6 /* TimePickerViewController.swift */ = {isa = PBXFileReference; lastKnownFileType = sourcecode.swift; path = TimePickerViewController.swift; sourceTree = "<group>"; };
		8443D35A2102EA8100EAAEE6 /* UserDefaultsManager.swift */ = {isa = PBXFileReference; lastKnownFileType = sourcecode.swift; path = UserDefaultsManager.swift; sourceTree = "<group>"; };
		8443D35C2102ED7B00EAAEE6 /* DayPickerViewController.swift */ = {isa = PBXFileReference; lastKnownFileType = sourcecode.swift; path = DayPickerViewController.swift; sourceTree = "<group>"; };
		8443D3602104D95300EAAEE6 /* HomeViewController.swift */ = {isa = PBXFileReference; lastKnownFileType = sourcecode.swift; path = HomeViewController.swift; sourceTree = "<group>"; };
		8443D3622104F8F600EAAEE6 /* HomeModel.swift */ = {isa = PBXFileReference; lastKnownFileType = sourcecode.swift; path = HomeModel.swift; sourceTree = "<group>"; };
		8443D36421052B9900EAAEE6 /* NotificationManager.swift */ = {isa = PBXFileReference; lastKnownFileType = sourcecode.swift; path = NotificationManager.swift; sourceTree = "<group>"; };
/* End PBXFileReference section */

/* Begin PBXFrameworksBuildPhase section */
		8443D33E2102E4D900EAAEE6 /* Frameworks */ = {
			isa = PBXFrameworksBuildPhase;
			buildActionMask = 2147483647;
			files = (
			);
			runOnlyForDeploymentPostprocessing = 0;
		};
/* End PBXFrameworksBuildPhase section */

/* Begin PBXGroup section */
		842758A821176DDB006A2F7D /* Assets */ = {
			isa = PBXGroup;
			children = (
				842758F52118C89E006A2F7D /* AppIcons */,
				842758DF211893C3006A2F7D /* calendarIcon@3x.png */,
				842758E1211893CA006A2F7D /* pillsIcon@3x.png */,
				842758F62118C991006A2F7D /* Default-Portrait-2436h@3x.png */,
			);
			path = Assets;
			sourceTree = "<group>";
		};
		842758F52118C89E006A2F7D /* AppIcons */ = {
			isa = PBXGroup;
			children = (
				842758E32118C131006A2F7D /* appIcon@2x.png */,
				842758E42118C131006A2F7D /* appIcon@3x.png */,
				842758E72118C2D6006A2F7D /* appIconSettings@3x.png */,
				842758E82118C2D7006A2F7D /* appIconSpotlight@2x.png */,
				842758E92118C2D7006A2F7D /* appIconSpotlight@3x.png */,
				842758EE2118C43B006A2F7D /* appIconNotif@2x.png */,
				842758ED2118C43B006A2F7D /* appIconSettings@2x.png */,
				842758F32118C463006A2F7D /* appIconNotif@3x.png */,
			);
			path = AppIcons;
			sourceTree = "<group>";
		};
		8443D3382102E4D900EAAEE6 = {
			isa = PBXGroup;
			children = (
				8443D3432102E4D900EAAEE6 /* BlushApp */,
				8443D3422102E4D900EAAEE6 /* Products */,
			);
			sourceTree = "<group>";
		};
		8443D3422102E4D900EAAEE6 /* Products */ = {
			isa = PBXGroup;
			children = (
				8443D3412102E4D900EAAEE6 /* BlushApp.app */,
			);
			name = Products;
			sourceTree = "<group>";
		};
		8443D3432102E4D900EAAEE6 /* BlushApp */ = {
			isa = PBXGroup;
			children = (
				842758A821176DDB006A2F7D /* Assets */,
				8443D3442102E4D900EAAEE6 /* AppDelegate.swift */,
				8443D3602104D95300EAAEE6 /* HomeViewController.swift */,
				842758FA212A5CA6006A2F7D /* ChangeTimeViewController.swift */,
				8443D3582102E85C00EAAEE6 /* TimePickerViewController.swift */,
				8443D3462102E4D900EAAEE6 /* WelcomeViewController.swift */,
				8443D3482102E4D900EAAEE6 /* Main.storyboard */,
				842758FC212CFA2D006A2F7D /* ChangeMessageViewController.swift */,
				8443D36421052B9900EAAEE6 /* NotificationManager.swift */,
				8443D35C2102ED7B00EAAEE6 /* DayPickerViewController.swift */,
				8443D3562102E54A00EAAEE6 /* GlobalData.swift */,
				8443D35A2102EA8100EAAEE6 /* UserDefaultsManager.swift */,
				8443D3622104F8F600EAAEE6 /* HomeModel.swift */,
				842758AB21176EBA006A2F7D /* SettingsViewController.swift */,
				8443D34B2102E4DA00EAAEE6 /* Assets.xcassets */,
				8443D34D2102E4DA00EAAEE6 /* LaunchScreen.storyboard */,
				8443D3502102E4DA00EAAEE6 /* Info.plist */,
			);
			path = BlushApp;
			sourceTree = "<group>";
		};
/* End PBXGroup section */

/* Begin PBXNativeTarget section */
		8443D3402102E4D900EAAEE6 /* BlushApp */ = {
			isa = PBXNativeTarget;
			buildConfigurationList = 8443D3532102E4DA00EAAEE6 /* Build configuration list for PBXNativeTarget "BlushApp" */;
			buildPhases = (
				8443D33D2102E4D900EAAEE6 /* Sources */,
				8443D33E2102E4D900EAAEE6 /* Frameworks */,
				8443D33F2102E4D900EAAEE6 /* Resources */,
			);
			buildRules = (
			);
			dependencies = (
			);
			name = BlushApp;
			productName = BlushApp;
			productReference = 8443D3412102E4D900EAAEE6 /* BlushApp.app */;
			productType = "com.apple.product-type.application";
		};
/* End PBXNativeTarget section */

/* Begin PBXProject section */
		8443D3392102E4D900EAAEE6 /* Project object */ = {
			isa = PBXProject;
			attributes = {
				LastSwiftUpdateCheck = 0940;
				LastUpgradeCheck = 0940;
				ORGANIZATIONNAME = Dorothy;
				TargetAttributes = {
					8443D3402102E4D900EAAEE6 = {
						CreatedOnToolsVersion = 9.4.1;
					};
				};
			};
			buildConfigurationList = 8443D33C2102E4D900EAAEE6 /* Build configuration list for PBXProject "BlushApp" */;
			compatibilityVersion = "Xcode 9.3";
			developmentRegion = en;
			hasScannedForEncodings = 0;
			knownRegions = (
				en,
				Base,
			);
			mainGroup = 8443D3382102E4D900EAAEE6;
			productRefGroup = 8443D3422102E4D900EAAEE6 /* Products */;
			projectDirPath = "";
			projectRoot = "";
			targets = (
				8443D3402102E4D900EAAEE6 /* BlushApp */,
			);
		};
/* End PBXProject section */

/* Begin PBXResourcesBuildPhase section */
		8443D33F2102E4D900EAAEE6 /* Resources */ = {
			isa = PBXResourcesBuildPhase;
			buildActionMask = 2147483647;
			files = (
				842758E2211893CA006A2F7D /* pillsIcon@3x.png in Resources */,
				842758E0211893C3006A2F7D /* calendarIcon@3x.png in Resources */,
				842758F72118C991006A2F7D /* Default-Portrait-2436h@3x.png in Resources */,
				842758F12118C43B006A2F7D /* appIconNotif@2x.png in Resources */,
				842758E62118C131006A2F7D /* appIcon@3x.png in Resources */,
				8443D34F2102E4DA00EAAEE6 /* LaunchScreen.storyboard in Resources */,
				842758E52118C131006A2F7D /* appIcon@2x.png in Resources */,
				8443D34C2102E4DA00EAAEE6 /* Assets.xcassets in Resources */,
				8443D34A2102E4D900EAAEE6 /* Main.storyboard in Resources */,
				842758F02118C43B006A2F7D /* appIconSettings@2x.png in Resources */,
				842758F42118C463006A2F7D /* appIconNotif@3x.png in Resources */,
				842758EC2118C2D7006A2F7D /* appIconSpotlight@3x.png in Resources */,
				842758EA2118C2D7006A2F7D /* appIconSettings@3x.png in Resources */,
				842758EB2118C2D7006A2F7D /* appIconSpotlight@2x.png in Resources */,
			);
			runOnlyForDeploymentPostprocessing = 0;
		};
/* End PBXResourcesBuildPhase section */

/* Begin PBXSourcesBuildPhase section */
		8443D33D2102E4D900EAAEE6 /* Sources */ = {
			isa = PBXSourcesBuildPhase;
			buildActionMask = 2147483647;
			files = (
				8443D3612104D95300EAAEE6 /* HomeViewController.swift in Sources */,
				8443D3572102E54A00EAAEE6 /* GlobalData.swift in Sources */,
				8443D3592102E85C00EAAEE6 /* TimePickerViewController.swift in Sources */,
				842758FB212A5CA6006A2F7D /* ChangeTimeViewController.swift in Sources */,
				842758AC21176EBA006A2F7D /* SettingsViewController.swift in Sources */,
				8443D36521052B9900EAAEE6 /* NotificationManager.swift in Sources */,
				8443D3472102E4D900EAAEE6 /* WelcomeViewController.swift in Sources */,
				8443D3632104F8F600EAAEE6 /* HomeModel.swift in Sources */,
				8443D35B2102EA8100EAAEE6 /* UserDefaultsManager.swift in Sources */,
				8443D3452102E4D900EAAEE6 /* AppDelegate.swift in Sources */,
				842758FD212CFA2D006A2F7D /* ChangeMessageViewController.swift in Sources */,
				8443D35D2102ED7B00EAAEE6 /* DayPickerViewController.swift in Sources */,
			);
			runOnlyForDeploymentPostprocessing = 0;
		};
/* End PBXSourcesBuildPhase section */

/* Begin PBXVariantGroup section */
		8443D3482102E4D900EAAEE6 /* Main.storyboard */ = {
			isa = PBXVariantGroup;
			children = (
				8443D3492102E4D900EAAEE6 /* Base */,
			);
			name = Main.storyboard;
			sourceTree = "<group>";
		};
		8443D34D2102E4DA00EAAEE6 /* LaunchScreen.storyboard */ = {
			isa = PBXVariantGroup;
			children = (
				8443D34E2102E4DA00EAAEE6 /* Base */,
			);
			name = LaunchScreen.storyboard;
			sourceTree = "<group>";
		};
/* End PBXVariantGroup section */

/* Begin XCBuildConfiguration section */
		8443D3512102E4DA00EAAEE6 /* Debug */ = {
			isa = XCBuildConfiguration;
			buildSettings = {
				ALWAYS_SEARCH_USER_PATHS = NO;
				CLANG_ANALYZER_NONNULL = YES;
				CLANG_ANALYZER_NUMBER_OBJECT_CONVERSION = YES_AGGRESSIVE;
				CLANG_CXX_LANGUAGE_STANDARD = "gnu++14";
				CLANG_CXX_LIBRARY = "libc++";
				CLANG_ENABLE_MODULES = YES;
				CLANG_ENABLE_OBJC_ARC = YES;
				CLANG_ENABLE_OBJC_WEAK = YES;
				CLANG_WARN_BLOCK_CAPTURE_AUTORELEASING = YES;
				CLANG_WARN_BOOL_CONVERSION = YES;
				CLANG_WARN_COMMA = YES;
				CLANG_WARN_CONSTANT_CONVERSION = YES;
				CLANG_WARN_DEPRECATED_OBJC_IMPLEMENTATIONS = YES;
				CLANG_WARN_DIRECT_OBJC_ISA_USAGE = YES_ERROR;
				CLANG_WARN_DOCUMENTATION_COMMENTS = YES;
				CLANG_WARN_EMPTY_BODY = YES;
				CLANG_WARN_ENUM_CONVERSION = YES;
				CLANG_WARN_INFINITE_RECURSION = YES;
				CLANG_WARN_INT_CONVERSION = YES;
				CLANG_WARN_NON_LITERAL_NULL_CONVERSION = YES;
				CLANG_WARN_OBJC_IMPLICIT_RETAIN_SELF = YES;
				CLANG_WARN_OBJC_LITERAL_CONVERSION = YES;
				CLANG_WARN_OBJC_ROOT_CLASS = YES_ERROR;
				CLANG_WARN_RANGE_LOOP_ANALYSIS = YES;
				CLANG_WARN_STRICT_PROTOTYPES = YES;
				CLANG_WARN_SUSPICIOUS_MOVE = YES;
				CLANG_WARN_UNGUARDED_AVAILABILITY = YES_AGGRESSIVE;
				CLANG_WARN_UNREACHABLE_CODE = YES;
				CLANG_WARN__DUPLICATE_METHOD_MATCH = YES;
				CODE_SIGN_IDENTITY = "iPhone Developer";
				COPY_PHASE_STRIP = NO;
				DEBUG_INFORMATION_FORMAT = dwarf;
				ENABLE_STRICT_OBJC_MSGSEND = YES;
				ENABLE_TESTABILITY = YES;
				GCC_C_LANGUAGE_STANDARD = gnu11;
				GCC_DYNAMIC_NO_PIC = NO;
				GCC_NO_COMMON_BLOCKS = YES;
				GCC_OPTIMIZATION_LEVEL = 0;
				GCC_PREPROCESSOR_DEFINITIONS = (
					"DEBUG=1",
					"$(inherited)",
				);
				GCC_WARN_64_TO_32_BIT_CONVERSION = YES;
				GCC_WARN_ABOUT_RETURN_TYPE = YES_ERROR;
				GCC_WARN_UNDECLARED_SELECTOR = YES;
				GCC_WARN_UNINITIALIZED_AUTOS = YES_AGGRESSIVE;
				GCC_WARN_UNUSED_FUNCTION = YES;
				GCC_WARN_UNUSED_VARIABLE = YES;
				IPHONEOS_DEPLOYMENT_TARGET = 11.4;
				MTL_ENABLE_DEBUG_INFO = YES;
				ONLY_ACTIVE_ARCH = YES;
				SDKROOT = iphoneos;
				SWIFT_ACTIVE_COMPILATION_CONDITIONS = DEBUG;
				SWIFT_OPTIMIZATION_LEVEL = "-Onone";
			};
			name = Debug;
		};
		8443D3522102E4DA00EAAEE6 /* Release */ = {
			isa = XCBuildConfiguration;
			buildSettings = {
				ALWAYS_SEARCH_USER_PATHS = NO;
				CLANG_ANALYZER_NONNULL = YES;
				CLANG_ANALYZER_NUMBER_OBJECT_CONVERSION = YES_AGGRESSIVE;
				CLANG_CXX_LANGUAGE_STANDARD = "gnu++14";
				CLANG_CXX_LIBRARY = "libc++";
				CLANG_ENABLE_MODULES = YES;
				CLANG_ENABLE_OBJC_ARC = YES;
				CLANG_ENABLE_OBJC_WEAK = YES;
				CLANG_WARN_BLOCK_CAPTURE_AUTORELEASING = YES;
				CLANG_WARN_BOOL_CONVERSION = YES;
				CLANG_WARN_COMMA = YES;
				CLANG_WARN_CONSTANT_CONVERSION = YES;
				CLANG_WARN_DEPRECATED_OBJC_IMPLEMENTATIONS = YES;
				CLANG_WARN_DIRECT_OBJC_ISA_USAGE = YES_ERROR;
				CLANG_WARN_DOCUMENTATION_COMMENTS = YES;
				CLANG_WARN_EMPTY_BODY = YES;
				CLANG_WARN_ENUM_CONVERSION = YES;
				CLANG_WARN_INFINITE_RECURSION = YES;
				CLANG_WARN_INT_CONVERSION = YES;
				CLANG_WARN_NON_LITERAL_NULL_CONVERSION = YES;
				CLANG_WARN_OBJC_IMPLICIT_RETAIN_SELF = YES;
				CLANG_WARN_OBJC_LITERAL_CONVERSION = YES;
				CLANG_WARN_OBJC_ROOT_CLASS = YES_ERROR;
				CLANG_WARN_RANGE_LOOP_ANALYSIS = YES;
				CLANG_WARN_STRICT_PROTOTYPES = YES;
				CLANG_WARN_SUSPICIOUS_MOVE = YES;
				CLANG_WARN_UNGUARDED_AVAILABILITY = YES_AGGRESSIVE;
				CLANG_WARN_UNREACHABLE_CODE = YES;
				CLANG_WARN__DUPLICATE_METHOD_MATCH = YES;
				CODE_SIGN_IDENTITY = "iPhone Developer";
				COPY_PHASE_STRIP = NO;
				DEBUG_INFORMATION_FORMAT = "dwarf-with-dsym";
				ENABLE_NS_ASSERTIONS = NO;
				ENABLE_STRICT_OBJC_MSGSEND = YES;
				GCC_C_LANGUAGE_STANDARD = gnu11;
				GCC_NO_COMMON_BLOCKS = YES;
				GCC_WARN_64_TO_32_BIT_CONVERSION = YES;
				GCC_WARN_ABOUT_RETURN_TYPE = YES_ERROR;
				GCC_WARN_UNDECLARED_SELECTOR = YES;
				GCC_WARN_UNINITIALIZED_AUTOS = YES_AGGRESSIVE;
				GCC_WARN_UNUSED_FUNCTION = YES;
				GCC_WARN_UNUSED_VARIABLE = YES;
				IPHONEOS_DEPLOYMENT_TARGET = 11.4;
				MTL_ENABLE_DEBUG_INFO = NO;
				SDKROOT = iphoneos;
				SWIFT_COMPILATION_MODE = wholemodule;
				SWIFT_OPTIMIZATION_LEVEL = "-O";
				VALIDATE_PRODUCT = YES;
			};
			name = Release;
		};
		8443D3542102E4DA00EAAEE6 /* Debug */ = {
			isa = XCBuildConfiguration;
			buildSettings = {
				ASSETCATALOG_COMPILER_APPICON_NAME = AppIcon;
				CODE_SIGN_STYLE = Automatic;
				DEVELOPMENT_TEAM = 8NAKMS9FD7;
				INFOPLIST_FILE = BlushApp/Info.plist;
				IPHONEOS_DEPLOYMENT_TARGET = 10.0;
				LD_RUNPATH_SEARCH_PATHS = (
					"$(inherited)",
					"@executable_path/Frameworks",
				);
				PRODUCT_BUNDLE_IDENTIFIER = dorothy.BlushApp;
				PRODUCT_NAME = "$(TARGET_NAME)";
				SWIFT_VERSION = 4.0;
				TARGETED_DEVICE_FAMILY = "1,2";
			};
			name = Debug;
		};
		8443D3552102E4DA00EAAEE6 /* Release */ = {
			isa = XCBuildConfiguration;
			buildSettings = {
				ASSETCATALOG_COMPILER_APPICON_NAME = AppIcon;
				CODE_SIGN_STYLE = Automatic;
				DEVELOPMENT_TEAM = 8NAKMS9FD7;
				INFOPLIST_FILE = BlushApp/Info.plist;
				IPHONEOS_DEPLOYMENT_TARGET = 10.0;
				LD_RUNPATH_SEARCH_PATHS = (
					"$(inherited)",
					"@executable_path/Frameworks",
				);
				PRODUCT_BUNDLE_IDENTIFIER = dorothy.BlushApp;
				PRODUCT_NAME = "$(TARGET_NAME)";
				SWIFT_VERSION = 4.0;
				TARGETED_DEVICE_FAMILY = "1,2";
			};
			name = Release;
		};
/* End XCBuildConfiguration section */

/* Begin XCConfigurationList section */
		8443D33C2102E4D900EAAEE6 /* Build configuration list for PBXProject "BlushApp" */ = {
			isa = XCConfigurationList;
			buildConfigurations = (
				8443D3512102E4DA00EAAEE6 /* Debug */,
				8443D3522102E4DA00EAAEE6 /* Release */,
			);
			defaultConfigurationIsVisible = 0;
			defaultConfigurationName = Release;
		};
		8443D3532102E4DA00EAAEE6 /* Build configuration list for PBXNativeTarget "BlushApp" */ = {
			isa = XCConfigurationList;
			buildConfigurations = (
				8443D3542102E4DA00EAAEE6 /* Debug */,
				8443D3552102E4DA00EAAEE6 /* Release */,
			);
			defaultConfigurationIsVisible = 0;
			defaultConfigurationName = Release;
		};
/* End XCConfigurationList section */
	};
	rootObject = 8443D3392102E4D900EAAEE6 /* Project object */;
}
